
Microsoft Visual Studio Solution File, Format Version 12.00
# Visual Studio Version 17
VisualStudioVersion = 17.11.35327.3
MinimumVisualStudioVersion = 10.0.40219.1
Project("{FAE04EC0-301F-11D3-BF4B-00C04F79EFBC}") = "ParallelAndDistribution_Exam_Alfiya", "ParallelAndDistribution_Exam_Alfiya\ParallelAndDistribution_Exam_Alfiya.csproj", "{C05E7FF2-F3C9-4B33-92D7-D90CC04B1BE2}"
EndProject
Global
	GlobalSection(SolutionConfigurationPlatforms) = preSolution
		Debug|Any CPU = Debug|Any CPU
		Release|Any CPU = Release|Any CPU
	EndGlobalSection
	GlobalSection(ProjectConfigurationPlatforms) = postSolution
		{C05E7FF2-F3C9-4B33-92D7-D90CC04B1BE2}.Debug|Any CPU.ActiveCfg = Debug|Any CPU
		{C05E7FF2-F3C9-4B33-92D7-D90CC04B1BE2}.Debug|Any CPU.Build.0 = Debug|Any CPU
		{C05E7FF2-F3C9-4B33-92D7-D90CC04B1BE2}.Release|Any CPU.ActiveCfg = Release|Any CPU
		{C05E7FF2-F3C9-4B33-92D7-D90CC04B1BE2}.Release|Any CPU.Build.0 = Release|Any CPU
	EndGlobalSection
	GlobalSection(SolutionProperties) = preSolution
		HideSolutionNode = FALSE
	EndGlobalSection
	GlobalSection(ExtensibilityGlobals) = postSolution
		SolutionGuid = {2054E09F-D84E-4504-9F3A-0F07271E4250}
	EndGlobalSection
EndGlobal
